
Microsoft Visual Studio Solution File, Format Version 12.00
# Visual Studio 15
VisualStudioVersion = 15.0.27703.2042
MinimumVisualStudioVersion = 10.0.40219.1
Project("{FAE04EC0-301F-11D3-BF4B-00C04F79EFBC}") = "Projmvvm_FlowerOnline.Android", "Projmvvm_FlowerOnline\Projmvvm_FlowerOnline.Android\Projmvvm_FlowerOnline.Android.csproj", "{0A805B5D-8CC7-44C5-ADD2-248236D8952A}"
EndProject
Project("{FAE04EC0-301F-11D3-BF4B-00C04F79EFBC}") = "Projmvvm_FlowerOnline.iOS", "Projmvvm_FlowerOnline\Projmvvm_FlowerOnline.iOS\Projmvvm_FlowerOnline.iOS.csproj", "{5417E761-4065-445D-B6F7-5CD624C17965}"
EndProject
Project("{FAE04EC0-301F-11D3-BF4B-00C04F79EFBC}") = "Projmvvm_FlowerOnline.UWP", "Projmvvm_FlowerOnline\Projmvvm_FlowerOnline.UWP\Projmvvm_FlowerOnline.UWP.csproj", "{5276FA9B-C738-4A3B-A653-D04E85152301}"
EndProject
Project("{D954291E-2A0B-460D-934E-DC6B0785DB48}") = "Projmvvm_FlowerOnline", "Projmvvm_FlowerOnline\Projmvvm_FlowerOnline\Projmvvm_FlowerOnline.shproj", "{3C307282-0F4B-4AD0-AD15-AFF6E52BF96E}"
EndProject
Global
	GlobalSection(SharedMSBuildProjectFiles) = preSolution
		Projmvvm_FlowerOnline\Projmvvm_FlowerOnline\Projmvvm_FlowerOnline.projitems*{0a805b5d-8cc7-44c5-add2-248236d8952a}*SharedItemsImports = 4
		Projmvvm_FlowerOnline\Projmvvm_FlowerOnline\Projmvvm_FlowerOnline.projitems*{3c307282-0f4b-4ad0-ad15-aff6e52bf96e}*SharedItemsImports = 13
		Projmvvm_FlowerOnline\Projmvvm_FlowerOnline\Projmvvm_FlowerOnline.projitems*{5276fa9b-c738-4a3b-a653-d04e85152301}*SharedItemsImports = 4
		Projmvvm_FlowerOnline\Projmvvm_FlowerOnline\Projmvvm_FlowerOnline.projitems*{5417e761-4065-445d-b6f7-5cd624c17965}*SharedItemsImports = 4
	EndGlobalSection
	GlobalSection(SolutionConfigurationPlatforms) = preSolution
		Ad-Hoc|Any CPU = Ad-Hoc|Any CPU
		Ad-Hoc|ARM = Ad-Hoc|ARM
		Ad-Hoc|iPhone = Ad-Hoc|iPhone
		Ad-Hoc|iPhoneSimulator = Ad-Hoc|iPhoneSimulator
		Ad-Hoc|x64 = Ad-Hoc|x64
		Ad-Hoc|x86 = Ad-Hoc|x86
		AppStore|Any CPU = AppStore|Any CPU
		AppStore|ARM = AppStore|ARM
		AppStore|iPhone = AppStore|iPhone
		AppStore|iPhoneSimulator = AppStore|iPhoneSimulator
		AppStore|x64 = AppStore|x64
		AppStore|x86 = AppStore|x86
		Debug|Any CPU = Debug|Any CPU
		Debug|ARM = Debug|ARM
		Debug|iPhone = Debug|iPhone
		Debug|iPhoneSimulator = Debug|iPhoneSimulator
		Debug|x64 = Debug|x64
		Debug|x86 = Debug|x86
		Release|Any CPU = Release|Any CPU
		Release|ARM = Release|ARM
		Release|iPhone = Release|iPhone
		Release|iPhoneSimulator = Release|iPhoneSimulator
		Release|x64 = Release|x64
		Release|x86 = Release|x86
	EndGlobalSection
	GlobalSection(ProjectConfigurationPlatforms) = postSolution
		{0A805B5D-8CC7-44C5-ADD2-248236D8952A}.Ad-Hoc|Any CPU.ActiveCfg = Release|Any CPU
		{0A805B5D-8CC7-44C5-ADD2-248236D8952A}.Ad-Hoc|Any CPU.Build.0 = Release|Any CPU
		{0A805B5D-8CC7-44C5-ADD2-248236D8952A}.Ad-Hoc|Any CPU.Deploy.0 = Release|Any CPU
		{0A805B5D-8CC7-44C5-ADD2-248236D8952A}.Ad-Hoc|ARM.ActiveCfg = Release|Any CPU
		{0A805B5D-8CC7-44C5-ADD2-248236D8952A}.Ad-Hoc|ARM.Build.0 = Release|Any CPU
		{0A805B5D-8CC7-44C5-ADD2-248236D8952A}.Ad-Hoc|ARM.Deploy.0 = Release|Any CPU
		{0A805B5D-8CC7-44C5-ADD2-248236D8952A}.Ad-Hoc|iPhone.ActiveCfg = Release|Any CPU
		{0A805B5D-8CC7-44C5-ADD2-248236D8952A}.Ad-Hoc|iPhone.Build.0 = Release|Any CPU
		{0A805B5D-8CC7-44C5-ADD2-248236D8952A}.Ad-Hoc|iPhone.Deploy.0 = Release|Any CPU
		{0A805B5D-8CC7-44C5-ADD2-248236D8952A}.Ad-Hoc|iPhoneSimulator.ActiveCfg = Release|Any CPU
		{0A805B5D-8CC7-44C5-ADD2-248236D8952A}.Ad-Hoc|iPhoneSimulator.Build.0 = Release|Any CPU
		{0A805B5D-8CC7-44C5-ADD2-248236D8952A}.Ad-Hoc|iPhoneSimulator.Deploy.0 = Release|Any CPU
		{0A805B5D-8CC7-44C5-ADD2-248236D8952A}.Ad-Hoc|x64.ActiveCfg = Release|Any CPU
		{0A805B5D-8CC7-44C5-ADD2-248236D8952A}.Ad-Hoc|x64.Build.0 = Release|Any CPU
		{0A805B5D-8CC7-44C5-ADD2-248236D8952A}.Ad-Hoc|x64.Deploy.0 = Release|Any CPU
		{0A805B5D-8CC7-44C5-ADD2-248236D8952A}.Ad-Hoc|x86.ActiveCfg = Release|Any CPU
		{0A805B5D-8CC7-44C5-ADD2-248236D8952A}.Ad-Hoc|x86.Build.0 = Release|Any CPU
		{0A805B5D-8CC7-44C5-ADD2-248236D8952A}.Ad-Hoc|x86.Deploy.0 = Release|Any CPU
		{0A805B5D-8CC7-44C5-ADD2-248236D8952A}.AppStore|Any CPU.ActiveCfg = Release|Any CPU
		{0A805B5D-8CC7-44C5-ADD2-248236D8952A}.AppStore|Any CPU.Build.0 = Release|Any CPU
		{0A805B5D-8CC7-44C5-ADD2-248236D8952A}.AppStore|Any CPU.Deploy.0 = Release|Any CPU
		{0A805B5D-8CC7-44C5-ADD2-248236D8952A}.AppStore|ARM.ActiveCfg = Release|Any CPU
		{0A805B5D-8CC7-44C5-ADD2-248236D8952A}.AppStore|ARM.Build.0 = Release|Any CPU
		{0A805B5D-8CC7-44C5-ADD2-248236D8952A}.AppStore|ARM.Deploy.0 = Release|Any CPU
		{0A805B5D-8CC7-44C5-ADD2-248236D8952A}.AppStore|iPhone.ActiveCfg = Release|Any CPU
		{0A805B5D-8CC7-44C5-ADD2-248236D8952A}.AppStore|iPhone.Build.0 = Release|Any CPU
		{0A805B5D-8CC7-44C5-ADD2-248236D8952A}.AppStore|iPhone.Deploy.0 = Release|Any CPU
		{0A805B5D-8CC7-44C5-ADD2-248236D8952A}.AppStore|iPhoneSimulator.ActiveCfg = Release|Any CPU
		{0A805B5D-8CC7-44C5-ADD2-248236D8952A}.AppStore|iPhoneSimulator.Build.0 = Release|Any CPU
		{0A805B5D-8CC7-44C5-ADD2-248236D8952A}.AppStore|iPhoneSimulator.Deploy.0 = Release|Any CPU
		{0A805B5D-8CC7-44C5-ADD2-248236D8952A}.AppStore|x64.ActiveCfg = Release|Any CPU
		{0A805B5D-8CC7-44C5-ADD2-248236D8952A}.AppStore|x64.Build.0 = Release|Any CPU
		{0A805B5D-8CC7-44C5-ADD2-248236D8952A}.AppStore|x64.Deploy.0 = Release|Any CPU
		{0A805B5D-8CC7-44C5-ADD2-248236D8952A}.AppStore|x86.ActiveCfg = Release|Any CPU
		{0A805B5D-8CC7-44C5-ADD2-248236D8952A}.AppStore|x86.Build.0 = Release|Any CPU
		{0A805B5D-8CC7-44C5-ADD2-248236D8952A}.AppStore|x86.Deploy.0 = Release|Any CPU
		{0A805B5D-8CC7-44C5-ADD2-248236D8952A}.Debug|Any CPU.ActiveCfg = Debug|Any CPU
		{0A805B5D-8CC7-44C5-ADD2-248236D8952A}.Debug|Any CPU.Build.0 = Debug|Any CPU
		{0A805B5D-8CC7-44C5-ADD2-248236D8952A}.Debug|Any CPU.Deploy.0 = Debug|Any CPU
		{0A805B5D-8CC7-44C5-ADD2-248236D8952A}.Debug|ARM.ActiveCfg = Debug|Any CPU
		{0A805B5D-8CC7-44C5-ADD2-248236D8952A}.Debug|ARM.Build.0 = Debug|Any CPU
		{0A805B5D-8CC7-44C5-ADD2-248236D8952A}.Debug|ARM.Deploy.0 = Debug|Any CPU
		{0A805B5D-8CC7-44C5-ADD2-248236D8952A}.Debug|iPhone.ActiveCfg = Debug|Any CPU
		{0A805B5D-8CC7-44C5-ADD2-248236D8952A}.Debug|iPhone.Build.0 = Debug|Any CPU
		{0A805B5D-8CC7-44C5-ADD2-248236D8952A}.Debug|iPhone.Deploy.0 = Debug|Any CPU
		{0A805B5D-8CC7-44C5-ADD2-248236D8952A}.Debug|iPhoneSimulator.ActiveCfg = Debug|Any CPU
		{0A805B5D-8CC7-44C5-ADD2-248236D8952A}.Debug|iPhoneSimulator.Build.0 = Debug|Any CPU
		{0A805B5D-8CC7-44C5-ADD2-248236D8952A}.Debug|iPhoneSimulator.Deploy.0 = Debug|Any CPU
		{0A805B5D-8CC7-44C5-ADD2-248236D8952A}.Debug|x64.ActiveCfg = Debug|Any CPU
		{0A805B5D-8CC7-44C5-ADD2-248236D8952A}.Debug|x64.Build.0 = Debug|Any CPU
		{0A805B5D-8CC7-44C5-ADD2-248236D8952A}.Debug|x64.Deploy.0 = Debug|Any CPU
		{0A805B5D-8CC7-44C5-ADD2-248236D8952A}.Debug|x86.ActiveCfg = Debug|Any CPU
		{0A805B5D-8CC7-44C5-ADD2-248236D8952A}.Debug|x86.Build.0 = Debug|Any CPU
		{0A805B5D-8CC7-44C5-ADD2-248236D8952A}.Debug|x86.Deploy.0 = Debug|Any CPU
		{0A805B5D-8CC7-44C5-ADD2-248236D8952A}.Release|Any CPU.ActiveCfg = Release|Any CPU
		{0A805B5D-8CC7-44C5-ADD2-248236D8952A}.Release|Any CPU.Build.0 = Release|Any CPU
		{0A805B5D-8CC7-44C5-ADD2-248236D8952A}.Release|Any CPU.Deploy.0 = Release|Any CPU
		{0A805B5D-8CC7-44C5-ADD2-248236D8952A}.Release|ARM.ActiveCfg = Release|Any CPU
		{0A805B5D-8CC7-44C5-ADD2-248236D8952A}.Release|ARM.Build.0 = Release|Any CPU
		{0A805B5D-8CC7-44C5-ADD2-248236D8952A}.Release|ARM.Deploy.0 = Release|Any CPU
		{0A805B5D-8CC7-44C5-ADD2-248236D8952A}.Release|iPhone.ActiveCfg = Release|Any CPU
		{0A805B5D-8CC7-44C5-ADD2-248236D8952A}.Release|iPhone.Build.0 = Release|Any CPU
		{0A805B5D-8CC7-44C5-ADD2-248236D8952A}.Release|iPhone.Deploy.0 = Release|Any CPU
		{0A805B5D-8CC7-44C5-ADD2-248236D8952A}.Release|iPhoneSimulator.ActiveCfg = Release|Any CPU
		{0A805B5D-8CC7-44C5-ADD2-248236D8952A}.Release|iPhoneSimulator.Build.0 = Release|Any CPU
		{0A805B5D-8CC7-44C5-ADD2-248236D8952A}.Release|iPhoneSimulator.Deploy.0 = Release|Any CPU
		{0A805B5D-8CC7-44C5-ADD2-248236D8952A}.Release|x64.ActiveCfg = Release|Any CPU
		{0A805B5D-8CC7-44C5-ADD2-248236D8952A}.Release|x64.Build.0 = Release|Any CPU
		{0A805B5D-8CC7-44C5-ADD2-248236D8952A}.Release|x64.Deploy.0 = Release|Any CPU
		{0A805B5D-8CC7-44C5-ADD2-248236D8952A}.Release|x86.ActiveCfg = Release|Any CPU
		{0A805B5D-8CC7-44C5-ADD2-248236D8952A}.Release|x86.Build.0 = Release|Any CPU
		{0A805B5D-8CC7-44C5-ADD2-248236D8952A}.Release|x86.Deploy.0 = Release|Any CPU
		{5417E761-4065-445D-B6F7-5CD624C17965}.Ad-Hoc|Any CPU.ActiveCfg = Ad-Hoc|iPhone
		{5417E761-4065-445D-B6F7-5CD624C17965}.Ad-Hoc|Any CPU.Build.0 = Ad-Hoc|iPhone
		{5417E761-4065-445D-B6F7-5CD624C17965}.Ad-Hoc|Any CPU.Deploy.0 = Ad-Hoc|iPhone
		{5417E761-4065-445D-B6F7-5CD624C17965}.Ad-Hoc|ARM.ActiveCfg = Ad-Hoc|iPhone
		{5417E761-4065-445D-B6F7-5CD624C17965}.Ad-Hoc|ARM.Build.0 = Ad-Hoc|iPhone
		{5417E761-4065-445D-B6F7-5CD624C17965}.Ad-Hoc|ARM.Deploy.0 = Ad-Hoc|iPhone
		{5417E761-4065-445D-B6F7-5CD624C17965}.Ad-Hoc|iPhone.ActiveCfg = Ad-Hoc|iPhone
		{5417E761-4065-445D-B6F7-5CD624C17965}.Ad-Hoc|iPhone.Build.0 = Ad-Hoc|iPhone
		{5417E761-4065-445D-B6F7-5CD624C17965}.Ad-Hoc|iPhone.Deploy.0 = Ad-Hoc|iPhone
		{5417E761-4065-445D-B6F7-5CD624C17965}.Ad-Hoc|iPhoneSimulator.ActiveCfg = Ad-Hoc|iPhoneSimulator
		{5417E761-4065-445D-B6F7-5CD624C17965}.Ad-Hoc|iPhoneSimulator.Build.0 = Ad-Hoc|iPhoneSimulator
		{5417E761-4065-445D-B6F7-5CD624C17965}.Ad-Hoc|iPhoneSimulator.Deploy.0 = Ad-Hoc|iPhoneSimulator
		{5417E761-4065-445D-B6F7-5CD624C17965}.Ad-Hoc|x64.ActiveCfg = Ad-Hoc|iPhone
		{5417E761-4065-445D-B6F7-5CD624C17965}.Ad-Hoc|x64.Build.0 = Ad-Hoc|iPhone
		{5417E761-4065-445D-B6F7-5CD624C17965}.Ad-Hoc|x64.Deploy.0 = Ad-Hoc|iPhone
		{5417E761-4065-445D-B6F7-5CD624C17965}.Ad-Hoc|x86.ActiveCfg = Ad-Hoc|iPhone
		{5417E761-4065-445D-B6F7-5CD624C17965}.Ad-Hoc|x86.Build.0 = Ad-Hoc|iPhone
		{5417E761-4065-445D-B6F7-5CD624C17965}.Ad-Hoc|x86.Deploy.0 = Ad-Hoc|iPhone
		{5417E761-4065-445D-B6F7-5CD624C17965}.AppStore|Any CPU.ActiveCfg = AppStore|iPhone
		{5417E761-4065-445D-B6F7-5CD624C17965}.AppStore|Any CPU.Build.0 = AppStore|iPhone
		{5417E761-4065-445D-B6F7-5CD624C17965}.AppStore|Any CPU.Deploy.0 = AppStore|iPhone
		{5417E761-4065-445D-B6F7-5CD624C17965}.AppStore|ARM.ActiveCfg = AppStore|iPhone
		{5417E761-4065-445D-B6F7-5CD624C17965}.AppStore|ARM.Build.0 = AppStore|iPhone
		{5417E761-4065-445D-B6F7-5CD624C17965}.AppStore|ARM.Deploy.0 = AppStore|iPhone
		{5417E761-4065-445D-B6F7-5CD624C17965}.AppStore|iPhone.ActiveCfg = AppStore|iPhone
		{5417E761-4065-445D-B6F7-5CD624C17965}.AppStore|iPhone.Build.0 = AppStore|iPhone
		{5417E761-4065-445D-B6F7-5CD624C17965}.AppStore|iPhone.Deploy.0 = AppStore|iPhone
		{5417E761-4065-445D-B6F7-5CD624C17965}.AppStore|iPhoneSimulator.ActiveCfg = AppStore|iPhoneSimulator
		{5417E761-4065-445D-B6F7-5CD624C17965}.AppStore|iPhoneSimulator.Build.0 = AppStore|iPhoneSimulator
		{5417E761-4065-445D-B6F7-5CD624C17965}.AppStore|iPhoneSimulator.Deploy.0 = AppStore|iPhoneSimulator
		{5417E761-4065-445D-B6F7-5CD624C17965}.AppStore|x64.ActiveCfg = AppStore|iPhone
		{5417E761-4065-445D-B6F7-5CD624C17965}.AppStore|x64.Build.0 = AppStore|iPhone
		{5417E761-4065-445D-B6F7-5CD624C17965}.AppStore|x64.Deploy.0 = AppStore|iPhone
		{5417E761-4065-445D-B6F7-5CD624C17965}.AppStore|x86.ActiveCfg = AppStore|iPhone
		{5417E761-4065-445D-B6F7-5CD624C17965}.AppStore|x86.Build.0 = AppStore|iPhone
		{5417E761-4065-445D-B6F7-5CD624C17965}.AppStore|x86.Deploy.0 = AppStore|iPhone
		{5417E761-4065-445D-B6F7-5CD624C17965}.Debug|Any CPU.ActiveCfg = Debug|iPhoneSimulator
		{5417E761-4065-445D-B6F7-5CD624C17965}.Debug|Any CPU.Build.0 = Debug|iPhoneSimulator
		{5417E761-4065-445D-B6F7-5CD624C17965}.Debug|Any CPU.Deploy.0 = Debug|iPhoneSimulator
		{5417E761-4065-445D-B6F7-5CD624C17965}.Debug|ARM.ActiveCfg = Debug|iPhone
		{5417E761-4065-445D-B6F7-5CD624C17965}.Debug|ARM.Build.0 = Debug|iPhone
		{5417E761-4065-445D-B6F7-5CD624C17965}.Debug|ARM.Deploy.0 = Debug|iPhone
		{5417E761-4065-445D-B6F7-5CD624C17965}.Debug|iPhone.ActiveCfg = Debug|iPhone
		{5417E761-4065-445D-B6F7-5CD624C17965}.Debug|iPhone.Build.0 = Debug|iPhone
		{5417E761-4065-445D-B6F7-5CD624C17965}.Debug|iPhone.Deploy.0 = Debug|iPhone
		{5417E761-4065-445D-B6F7-5CD624C17965}.Debug|iPhoneSimulator.ActiveCfg = Debug|iPhoneSimulator
		{5417E761-4065-445D-B6F7-5CD624C17965}.Debug|iPhoneSimulator.Build.0 = Debug|iPhoneSimulator
		{5417E761-4065-445D-B6F7-5CD624C17965}.Debug|iPhoneSimulator.Deploy.0 = Debug|iPhoneSimulator
		{5417E761-4065-445D-B6F7-5CD624C17965}.Debug|x64.ActiveCfg = Debug|iPhone
		{5417E761-4065-445D-B6F7-5CD624C17965}.Debug|x64.Build.0 = Debug|iPhone
		{5417E761-4065-445D-B6F7-5CD624C17965}.Debug|x64.Deploy.0 = Debug|iPhone
		{5417E761-4065-445D-B6F7-5CD624C17965}.Debug|x86.ActiveCfg = Debug|iPhone
		{5417E761-4065-445D-B6F7-5CD624C17965}.Debug|x86.Build.0 = Debug|iPhone
		{5417E761-4065-445D-B6F7-5CD624C17965}.Debug|x86.Deploy.0 = Debug|iPhone
		{5417E761-4065-445D-B6F7-5CD624C17965}.Release|Any CPU.ActiveCfg = Release|iPhone
		{5417E761-4065-445D-B6F7-5CD624C17965}.Release|Any CPU.Build.0 = Release|iPhone
		{5417E761-4065-445D-B6F7-5CD624C17965}.Release|Any CPU.Deploy.0 = Release|iPhone
		{5417E761-4065-445D-B6F7-5CD624C17965}.Release|ARM.ActiveCfg = Release|iPhone
		{5417E761-4065-445D-B6F7-5CD624C17965}.Release|ARM.Build.0 = Release|iPhone
		{5417E761-4065-445D-B6F7-5CD624C17965}.Release|ARM.Deploy.0 = Release|iPhone
		{5417E761-4065-445D-B6F7-5CD624C17965}.Release|iPhone.ActiveCfg = Release|iPhone
		{5417E761-4065-445D-B6F7-5CD624C17965}.Release|iPhone.Build.0 = Release|iPhone
		{5417E761-4065-445D-B6F7-5CD624C17965}.Release|iPhone.Deploy.0 = Release|iPhone
		{5417E761-4065-445D-B6F7-5CD624C17965}.Release|iPhoneSimulator.ActiveCfg = Release|iPhoneSimulator
		{5417E761-4065-445D-B6F7-5CD624C17965}.Release|iPhoneSimulator.Build.0 = Release|iPhoneSimulator
		{5417E761-4065-445D-B6F7-5CD624C17965}.Release|iPhoneSimulator.Deploy.0 = Release|iPhoneSimulator
		{5417E761-4065-445D-B6F7-5CD624C17965}.Release|x64.ActiveCfg = Release|iPhone
		{5417E761-4065-445D-B6F7-5CD624C17965}.Release|x64.Build.0 = Release|iPhone
		{5417E761-4065-445D-B6F7-5CD624C17965}.Release|x64.Deploy.0 = Release|iPhone
		{5417E761-4065-445D-B6F7-5CD624C17965}.Release|x86.ActiveCfg = Release|iPhone
		{5417E761-4065-445D-B6F7-5CD624C17965}.Release|x86.Build.0 = Release|iPhone
		{5417E761-4065-445D-B6F7-5CD624C17965}.Release|x86.Deploy.0 = Release|iPhone
		{5276FA9B-C738-4A3B-A653-D04E85152301}.Ad-Hoc|Any CPU.ActiveCfg = Release|x86
		{5276FA9B-C738-4A3B-A653-D04E85152301}.Ad-Hoc|Any CPU.Build.0 = Release|x86
		{5276FA9B-C738-4A3B-A653-D04E85152301}.Ad-Hoc|Any CPU.Deploy.0 = Release|x86
		{5276FA9B-C738-4A3B-A653-D04E85152301}.Ad-Hoc|ARM.ActiveCfg = Release|ARM
		{5276FA9B-C738-4A3B-A653-D04E85152301}.Ad-Hoc|ARM.Build.0 = Release|ARM
		{5276FA9B-C738-4A3B-A653-D04E85152301}.Ad-Hoc|ARM.Deploy.0 = Release|ARM
		{5276FA9B-C738-4A3B-A653-D04E85152301}.Ad-Hoc|iPhone.ActiveCfg = Release|x86
		{5276FA9B-C738-4A3B-A653-D04E85152301}.Ad-Hoc|iPhone.Build.0 = Release|x86
		{5276FA9B-C738-4A3B-A653-D04E85152301}.Ad-Hoc|iPhone.Deploy.0 = Release|x86
		{5276FA9B-C738-4A3B-A653-D04E85152301}.Ad-Hoc|iPhoneSimulator.ActiveCfg = Release|x86
		{5276FA9B-C738-4A3B-A653-D04E85152301}.Ad-Hoc|iPhoneSimulator.Build.0 = Release|x86
		{5276FA9B-C738-4A3B-A653-D04E85152301}.Ad-Hoc|iPhoneSimulator.Deploy.0 = Release|x86
		{5276FA9B-C738-4A3B-A653-D04E85152301}.Ad-Hoc|x64.ActiveCfg = Release|x64
		{5276FA9B-C738-4A3B-A653-D04E85152301}.Ad-Hoc|x64.Build.0 = Release|x64
		{5276FA9B-C738-4A3B-A653-D04E85152301}.Ad-Hoc|x64.Deploy.0 = Release|x64
		{5276FA9B-C738-4A3B-A653-D04E85152301}.Ad-Hoc|x86.ActiveCfg = Release|x86
		{5276FA9B-C738-4A3B-A653-D04E85152301}.Ad-Hoc|x86.Build.0 = Release|x86
		{5276FA9B-C738-4A3B-A653-D04E85152301}.Ad-Hoc|x86.Deploy.0 = Release|x86
		{5276FA9B-C738-4A3B-A653-D04E85152301}.AppStore|Any CPU.ActiveCfg = Release|x86
		{5276FA9B-C738-4A3B-A653-D04E85152301}.AppStore|Any CPU.Build.0 = Release|x86
		{5276FA9B-C738-4A3B-A653-D04E85152301}.AppStore|Any CPU.Deploy.0 = Release|x86
		{5276FA9B-C738-4A3B-A653-D04E85152301}.AppStore|ARM.ActiveCfg = Release|ARM
		{5276FA9B-C738-4A3B-A653-D04E85152301}.AppStore|ARM.Build.0 = Release|ARM
		{5276FA9B-C738-4A3B-A653-D04E85152301}.AppStore|ARM.Deploy.0 = Release|ARM
		{5276FA9B-C738-4A3B-A653-D04E85152301}.AppStore|iPhone.ActiveCfg = Release|x86
		{5276FA9B-C738-4A3B-A653-D04E85152301}.AppStore|iPhone.Build.0 = Release|x86
		{5276FA9B-C738-4A3B-A653-D04E85152301}.AppStore|iPhone.Deploy.0 = Release|x86
		{5276FA9B-C738-4A3B-A653-D04E85152301}.AppStore|iPhoneSimulator.ActiveCfg = Release|x86
		{5276FA9B-C738-4A3B-A653-D04E85152301}.AppStore|iPhoneSimulator.Build.0 = Release|x86
		{5276FA9B-C738-4A3B-A653-D04E85152301}.AppStore|iPhoneSimulator.Deploy.0 = Release|x86
		{5276FA9B-C738-4A3B-A653-D04E85152301}.AppStore|x64.ActiveCfg = Release|x64
		{5276FA9B-C738-4A3B-A653-D04E85152301}.AppStore|x64.Build.0 = Release|x64
		{5276FA9B-C738-4A3B-A653-D04E85152301}.AppStore|x64.Deploy.0 = Release|x64
		{5276FA9B-C738-4A3B-A653-D04E85152301}.AppStore|x86.ActiveCfg = Release|x86
		{5276FA9B-C738-4A3B-A653-D04E85152301}.AppStore|x86.Build.0 = Release|x86
		{5276FA9B-C738-4A3B-A653-D04E85152301}.AppStore|x86.Deploy.0 = Release|x86
		{5276FA9B-C738-4A3B-A653-D04E85152301}.Debug|Any CPU.ActiveCfg = Debug|x86
		{5276FA9B-C738-4A3B-A653-D04E85152301}.Debug|Any CPU.Build.0 = Debug|x86
		{5276FA9B-C738-4A3B-A653-D04E85152301}.Debug|Any CPU.Deploy.0 = Debug|x86
		{5276FA9B-C738-4A3B-A653-D04E85152301}.Debug|ARM.ActiveCfg = Debug|ARM
		{5276FA9B-C738-4A3B-A653-D04E85152301}.Debug|ARM.Build.0 = Debug|ARM
		{5276FA9B-C738-4A3B-A653-D04E85152301}.Debug|ARM.Deploy.0 = Debug|ARM
		{5276FA9B-C738-4A3B-A653-D04E85152301}.Debug|iPhone.ActiveCfg = Debug|x86
		{5276FA9B-C738-4A3B-A653-D04E85152301}.Debug|iPhone.Build.0 = Debug|x86
		{5276FA9B-C738-4A3B-A653-D04E85152301}.Debug|iPhone.Deploy.0 = Debug|x86
		{5276FA9B-C738-4A3B-A653-D04E85152301}.Debug|iPhoneSimulator.ActiveCfg = Debug|x86
		{5276FA9B-C738-4A3B-A653-D04E85152301}.Debug|iPhoneSimulator.Build.0 = Debug|x86
		{5276FA9B-C738-4A3B-A653-D04E85152301}.Debug|iPhoneSimulator.Deploy.0 = Debug|x86
		{5276FA9B-C738-4A3B-A653-D04E85152301}.Debug|x64.ActiveCfg = Debug|x64
		{5276FA9B-C738-4A3B-A653-D04E85152301}.Debug|x64.Build.0 = Debug|x64
		{5276FA9B-C738-4A3B-A653-D04E85152301}.Debug|x64.Deploy.0 = Debug|x64
		{5276FA9B-C738-4A3B-A653-D04E85152301}.Debug|x86.ActiveCfg = Debug|x86
		{5276FA9B-C738-4A3B-A653-D04E85152301}.Debug|x86.Build.0 = Debug|x86
		{5276FA9B-C738-4A3B-A653-D04E85152301}.Debug|x86.Deploy.0 = Debug|x86
		{5276FA9B-C738-4A3B-A653-D04E85152301}.Release|Any CPU.ActiveCfg = Release|x86
		{5276FA9B-C738-4A3B-A653-D04E85152301}.Release|Any CPU.Build.0 = Release|x86
		{5276FA9B-C738-4A3B-A653-D04E85152301}.Release|Any CPU.Deploy.0 = Release|x86
		{5276FA9B-C738-4A3B-A653-D04E85152301}.Release|ARM.ActiveCfg = Release|ARM
		{5276FA9B-C738-4A3B-A653-D04E85152301}.Release|ARM.Build.0 = Release|ARM
		{5276FA9B-C738-4A3B-A653-D04E85152301}.Release|ARM.Deploy.0 = Release|ARM
		{5276FA9B-C738-4A3B-A653-D04E85152301}.Release|iPhone.ActiveCfg = Release|x86
		{5276FA9B-C738-4A3B-A653-D04E85152301}.Release|iPhone.Build.0 = Release|x86
		{5276FA9B-C738-4A3B-A653-D04E85152301}.Release|iPhone.Deploy.0 = Release|x86
		{5276FA9B-C738-4A3B-A653-D04E85152301}.Release|iPhoneSimulator.ActiveCfg = Release|x86
		{5276FA9B-C738-4A3B-A653-D04E85152301}.Release|iPhoneSimulator.Build.0 = Release|x86
		{5276FA9B-C738-4A3B-A653-D04E85152301}.Release|iPhoneSimulator.Deploy.0 = Release|x86
		{5276FA9B-C738-4A3B-A653-D04E85152301}.Release|x64.ActiveCfg = Release|x64
		{5276FA9B-C738-4A3B-A653-D04E85152301}.Release|x64.Build.0 = Release|x64
		{5276FA9B-C738-4A3B-A653-D04E85152301}.Release|x64.Deploy.0 = Release|x64
		{5276FA9B-C738-4A3B-A653-D04E85152301}.Release|x86.ActiveCfg = Release|x86
		{5276FA9B-C738-4A3B-A653-D04E85152301}.Release|x86.Build.0 = Release|x86
		{5276FA9B-C738-4A3B-A653-D04E85152301}.Release|x86.Deploy.0 = Release|x86
	EndGlobalSection
	GlobalSection(SolutionProperties) = preSolution
		HideSolutionNode = FALSE
	EndGlobalSection
	GlobalSection(ExtensibilityGlobals) = postSolution
		SolutionGuid = {2E84B8E1-851C-4E85-8D97-50C4AAFE82DF}
	EndGlobalSection
EndGlobal
